
Microsoft Visual Studio Solution File, Format Version 12.00
# Visual Studio 15
VisualStudioVersion = 15.0.26730.12
MinimumVisualStudioVersion = 10.0.40219.1
Project("{FAE04EC0-301F-11D3-BF4B-00C04F79EFBC}") = "04_PackMan", "04_PackMan\04_PackMan.csproj", "{34E7B120-9FEF-4463-BE0D-F8F7883FEE63}"
EndProject
Global
	GlobalSection(SolutionConfigurationPlatforms) = preSolution
		Debug|Any CPU = Debug|Any CPU
		Release|Any CPU = Release|Any CPU
	EndGlobalSection
	GlobalSection(ProjectConfigurationPlatforms) = postSolution
		{34E7B120-9FEF-4463-BE0D-F8F7883FEE63}.Debug|Any CPU.ActiveCfg = Debug|Any CPU
		{34E7B120-9FEF-4463-BE0D-F8F7883FEE63}.Debug|Any CPU.Build.0 = Debug|Any CPU
		{34E7B120-9FEF-4463-BE0D-F8F7883FEE63}.Release|Any CPU.ActiveCfg = Release|Any CPU
		{34E7B120-9FEF-4463-BE0D-F8F7883FEE63}.Release|Any CPU.Build.0 = Release|Any CPU
	EndGlobalSection
	GlobalSection(SolutionProperties) = preSolution
		HideSolutionNode = FALSE
	EndGlobalSection
	GlobalSection(ExtensibilityGlobals) = postSolution
		SolutionGuid = {B52F718F-398C-4FF6-A41B-10720938C921}
	EndGlobalSection
EndGlobal
